
Microsoft Visual Studio Solution File, Format Version 11.00
# Visual Studio 2010
Project("{FAE04EC0-301F-11D3-BF4B-00C04F79EFBC}") = "NativeGallery.Runtime", "NativeGallery.Runtime.csproj", "{9165c32e-f6c2-f593-c4e0-8cc546719b7e}"
EndProject
Project("{FAE04EC0-301F-11D3-BF4B-00C04F79EFBC}") = "Assembly-CSharp", "Assembly-CSharp.csproj", "{b28fb5b2-6244-0c6b-a872-40dd957e5fe0}"
EndProject
Project("{FAE04EC0-301F-11D3-BF4B-00C04F79EFBC}") = "NativeGallery.Editor", "NativeGallery.Editor.csproj", "{d45681a3-a4cf-87bb-041c-5b6fab9ac8b1}"
EndProject
Global
	GlobalSection(SolutionConfigurationPlatforms) = preSolution
		Debug|Any CPU = Debug|Any CPU
	EndGlobalSection
	GlobalSection(ProjectConfigurationPlatforms) = postSolution
		{9165c32e-f6c2-f593-c4e0-8cc546719b7e}.Debug|Any CPU.ActiveCfg = Debug|Any CPU
		{9165c32e-f6c2-f593-c4e0-8cc546719b7e}.Debug|Any CPU.Build.0 = Debug|Any CPU
		{b28fb5b2-6244-0c6b-a872-40dd957e5fe0}.Debug|Any CPU.ActiveCfg = Debug|Any CPU
		{b28fb5b2-6244-0c6b-a872-40dd957e5fe0}.Debug|Any CPU.Build.0 = Debug|Any CPU
		{d45681a3-a4cf-87bb-041c-5b6fab9ac8b1}.Debug|Any CPU.ActiveCfg = Debug|Any CPU
		{d45681a3-a4cf-87bb-041c-5b6fab9ac8b1}.Debug|Any CPU.Build.0 = Debug|Any CPU
	EndGlobalSection
	GlobalSection(SolutionProperties) = preSolution
		HideSolutionNode = FALSE
	EndGlobalSection
EndGlobal
